
Microsoft Visual Studio Solution File, Format Version 12.00
# Visual Studio Version 16
VisualStudioVersion = 16.0.31410.357
MinimumVisualStudioVersion = 10.0.40219.1
Project("{8BC9CEB8-8B4A-11D0-8D11-00A0C91BC942}") = "Pointer", "Pointer\Pointer.vcxproj", "{D7E7386C-88CA-43A8-A19F-5F4C3872F69C}"
EndProject
Project("{8BC9CEB8-8B4A-11D0-8D11-00A0C91BC942}") = "TransmissionParameters", "TransmissionParameters\TransmissionParameters.vcxproj", "{240ADDE9-0A90-4517-BC8F-55A9286CF604}"
EndProject
Project("{8BC9CEB8-8B4A-11D0-8D11-00A0C91BC942}") = "References", "References\References.vcxproj", "{4218E52E-36DE-4A94-8425-B7ADC26F4B81}"
EndProject
Global
	GlobalSection(SolutionConfigurationPlatforms) = preSolution
		Debug|x64 = Debug|x64
		Debug|x86 = Debug|x86
		Release|x64 = Release|x64
		Release|x86 = Release|x86
	EndGlobalSection
	GlobalSection(ProjectConfigurationPlatforms) = postSolution
		{D7E7386C-88CA-43A8-A19F-5F4C3872F69C}.Debug|x64.ActiveCfg = Debug|x64
		{D7E7386C-88CA-43A8-A19F-5F4C3872F69C}.Debug|x64.Build.0 = Debug|x64
		{D7E7386C-88CA-43A8-A19F-5F4C3872F69C}.Debug|x86.ActiveCfg = Debug|Win32
		{D7E7386C-88CA-43A8-A19F-5F4C3872F69C}.Debug|x86.Build.0 = Debug|Win32
		{D7E7386C-88CA-43A8-A19F-5F4C3872F69C}.Release|x64.ActiveCfg = Release|x64
		{D7E7386C-88CA-43A8-A19F-5F4C3872F69C}.Release|x64.Build.0 = Release|x64
		{D7E7386C-88CA-43A8-A19F-5F4C3872F69C}.Release|x86.ActiveCfg = Release|Win32
		{D7E7386C-88CA-43A8-A19F-5F4C3872F69C}.Release|x86.Build.0 = Release|Win32
		{240ADDE9-0A90-4517-BC8F-55A9286CF604}.Debug|x64.ActiveCfg = Debug|x64
		{240ADDE9-0A90-4517-BC8F-55A9286CF604}.Debug|x64.Build.0 = Debug|x64
		{240ADDE9-0A90-4517-BC8F-55A9286CF604}.Debug|x86.ActiveCfg = Debug|Win32
		{240ADDE9-0A90-4517-BC8F-55A9286CF604}.Debug|x86.Build.0 = Debug|Win32
		{240ADDE9-0A90-4517-BC8F-55A9286CF604}.Release|x64.ActiveCfg = Release|x64
		{240ADDE9-0A90-4517-BC8F-55A9286CF604}.Release|x64.Build.0 = Release|x64
		{240ADDE9-0A90-4517-BC8F-55A9286CF604}.Release|x86.ActiveCfg = Release|Win32
		{240ADDE9-0A90-4517-BC8F-55A9286CF604}.Release|x86.Build.0 = Release|Win32
		{4218E52E-36DE-4A94-8425-B7ADC26F4B81}.Debug|x64.ActiveCfg = Debug|x64
		{4218E52E-36DE-4A94-8425-B7ADC26F4B81}.Debug|x64.Build.0 = Debug|x64
		{4218E52E-36DE-4A94-8425-B7ADC26F4B81}.Debug|x86.ActiveCfg = Debug|Win32
		{4218E52E-36DE-4A94-8425-B7ADC26F4B81}.Debug|x86.Build.0 = Debug|Win32
		{4218E52E-36DE-4A94-8425-B7ADC26F4B81}.Release|x64.ActiveCfg = Release|x64
		{4218E52E-36DE-4A94-8425-B7ADC26F4B81}.Release|x64.Build.0 = Release|x64
		{4218E52E-36DE-4A94-8425-B7ADC26F4B81}.Release|x86.ActiveCfg = Release|Win32
		{4218E52E-36DE-4A94-8425-B7ADC26F4B81}.Release|x86.Build.0 = Release|Win32
	EndGlobalSection
	GlobalSection(SolutionProperties) = preSolution
		HideSolutionNode = FALSE
	EndGlobalSection
	GlobalSection(ExtensibilityGlobals) = postSolution
		SolutionGuid = {66EF3708-10C2-490C-AB8F-61695009FCDE}
	EndGlobalSection
EndGlobal
